// !$*UTF8*$!
{
	archiveVersion = 1;
	classes = {
	};
	objectVersion = 46;
	objects = {

/* Begin PBXBuildFile section */
		848FF3B919992A5900FE4FA4 /* Foundation.framework in Frameworks */ = {isa = PBXBuildFile; fileRef = 848FF3B819992A5900FE4FA4 /* Foundation.framework */; };
		848FF3BB19992A5A00FE4FA4 /* CoreGraphics.framework in Frameworks */ = {isa = PBXBuildFile; fileRef = 848FF3BA19992A5A00FE4FA4 /* CoreGraphics.framework */; };
		848FF3BD19992A5A00FE4FA4 /* UIKit.framework in Frameworks */ = {isa = PBXBuildFile; fileRef = 848FF3BC19992A5A00FE4FA4 /* UIKit.framework */; };
		848FF3C319992A5A00FE4FA4 /* InfoPlist.strings in Resources */ = {isa = PBXBuildFile; fileRef = 848FF3C119992A5A00FE4FA4 /* InfoPlist.strings */; };
		848FF3C519992A5A00FE4FA4 /* main.m in Sources */ = {isa = PBXBuildFile; fileRef = 848FF3C419992A5A00FE4FA4 /* main.m */; };
		848FF3C919992A5A00FE4FA4 /* BSAppDelegate.m in Sources */ = {isa = PBXBuildFile; fileRef = 848FF3C819992A5A00FE4FA4 /* BSAppDelegate.m */; };
		848FF3CC19992A5A00FE4FA4 /* Main.storyboard in Resources */ = {isa = PBXBuildFile; fileRef = 848FF3CA19992A5A00FE4FA4 /* Main.storyboard */; };
		848FF3CF19992A5A00FE4FA4 /* BSViewController.m in Sources */ = {isa = PBXBuildFile; fileRef = 848FF3CE19992A5A00FE4FA4 /* BSViewController.m */; };
		848FF3D119992A5A00FE4FA4 /* Images.xcassets in Resources */ = {isa = PBXBuildFile; fileRef = 848FF3D019992A5A00FE4FA4 /* Images.xcassets */; };
		848FF3D819992A5A00FE4FA4 /* XCTest.framework in Frameworks */ = {isa = PBXBuildFile; fileRef = 848FF3D719992A5A00FE4FA4 /* XCTest.framework */; };
		848FF3D919992A5A00FE4FA4 /* Foundation.framework in Frameworks */ = {isa = PBXBuildFile; fileRef = 848FF3B819992A5900FE4FA4 /* Foundation.framework */; };
		848FF3DA19992A5A00FE4FA4 /* UIKit.framework in Frameworks */ = {isa = PBXBuildFile; fileRef = 848FF3BC19992A5A00FE4FA4 /* UIKit.framework */; };
		848FF3E219992A5A00FE4FA4 /* InfoPlist.strings in Resources */ = {isa = PBXBuildFile; fileRef = 848FF3E019992A5A00FE4FA4 /* InfoPlist.strings */; };
		848FF3E419992A5A00FE4FA4 /* BeanSampleAppTests.m in Sources */ = {isa = PBXBuildFile; fileRef = 848FF3E319992A5A00FE4FA4 /* BeanSampleAppTests.m */; };
/* End PBXBuildFile section */

/* Begin PBXContainerItemProxy section */
		848FF3DB19992A5A00FE4FA4 /* PBXContainerItemProxy */ = {
			isa = PBXContainerItemProxy;
			containerPortal = 848FF3AD19992A5900FE4FA4 /* Project object */;
			proxyType = 1;
			remoteGlobalIDString = 848FF3B419992A5900FE4FA4;
			remoteInfo = BeanSampleApp;
		};
/* End PBXContainerItemProxy section */

/* Begin PBXFileReference section */
		848FF3B519992A5900FE4FA4 /* BeanSampleApp.app */ = {isa = PBXFileReference; explicitFileType = wrapper.application; includeInIndex = 0; path = BeanSampleApp.app; sourceTree = BUILT_PRODUCTS_DIR; };
		848FF3B819992A5900FE4FA4 /* Foundation.framework */ = {isa = PBXFileReference; lastKnownFileType = wrapper.framework; name = Foundation.framework; path = System/Library/Frameworks/Foundation.framework; sourceTree = SDKROOT; };
		848FF3BA19992A5A00FE4FA4 /* CoreGraphics.framework */ = {isa = PBXFileReference; lastKnownFileType = wrapper.framework; name = CoreGraphics.framework; path = System/Library/Frameworks/CoreGraphics.framework; sourceTree = SDKROOT; };
		848FF3BC19992A5A00FE4FA4 /* UIKit.framework */ = {isa = PBXFileReference; lastKnownFileType = wrapper.framework; name = UIKit.framework; path = System/Library/Frameworks/UIKit.framework; sourceTree = SDKROOT; };
		848FF3C019992A5A00FE4FA4 /* BeanSampleApp-Info.plist */ = {isa = PBXFileReference; lastKnownFileType = text.plist.xml; path = "BeanSampleApp-Info.plist"; sourceTree = "<group>"; };
		848FF3C219992A5A00FE4FA4 /* en */ = {isa = PBXFileReference; lastKnownFileType = text.plist.strings; name = en; path = en.lproj/InfoPlist.strings; sourceTree = "<group>"; };
		848FF3C419992A5A00FE4FA4 /* main.m */ = {isa = PBXFileReference; lastKnownFileType = sourcecode.c.objc; path = main.m; sourceTree = "<group>"; };
		848FF3C619992A5A00FE4FA4 /* BeanSampleApp-Prefix.pch */ = {isa = PBXFileReference; lastKnownFileType = sourcecode.c.h; path = "BeanSampleApp-Prefix.pch"; sourceTree = "<group>"; };
		848FF3C719992A5A00FE4FA4 /* BSAppDelegate.h */ = {isa = PBXFileReference; lastKnownFileType = sourcecode.c.h; path = BSAppDelegate.h; sourceTree = "<group>"; };
		848FF3C819992A5A00FE4FA4 /* BSAppDelegate.m */ = {isa = PBXFileReference; lastKnownFileType = sourcecode.c.objc; path = BSAppDelegate.m; sourceTree = "<group>"; };
		848FF3CB19992A5A00FE4FA4 /* Base */ = {isa = PBXFileReference; lastKnownFileType = file.storyboard; name = Base; path = Base.lproj/Main.storyboard; sourceTree = "<group>"; };
		848FF3CD19992A5A00FE4FA4 /* BSViewController.h */ = {isa = PBXFileReference; lastKnownFileType = sourcecode.c.h; path = BSViewController.h; sourceTree = "<group>"; };
		848FF3CE19992A5A00FE4FA4 /* BSViewController.m */ = {isa = PBXFileReference; lastKnownFileType = sourcecode.c.objc; path = BSViewController.m; sourceTree = "<group>"; };
		848FF3D019992A5A00FE4FA4 /* Images.xcassets */ = {isa = PBXFileReference; lastKnownFileType = folder.assetcatalog; path = Images.xcassets; sourceTree = "<group>"; };
		848FF3D619992A5A00FE4FA4 /* BeanSampleAppTests.xctest */ = {isa = PBXFileReference; explicitFileType = wrapper.cfbundle; includeInIndex = 0; path = BeanSampleAppTests.xctest; sourceTree = BUILT_PRODUCTS_DIR; };
		848FF3D719992A5A00FE4FA4 /* XCTest.framework */ = {isa = PBXFileReference; lastKnownFileType = wrapper.framework; name = XCTest.framework; path = Library/Frameworks/XCTest.framework; sourceTree = DEVELOPER_DIR; };
		848FF3DF19992A5A00FE4FA4 /* BeanSampleAppTests-Info.plist */ = {isa = PBXFileReference; lastKnownFileType = text.plist.xml; path = "BeanSampleAppTests-Info.plist"; sourceTree = "<group>"; };
		848FF3E119992A5A00FE4FA4 /* en */ = {isa = PBXFileReference; lastKnownFileType = text.plist.strings; name = en; path = en.lproj/InfoPlist.strings; sourceTree = "<group>"; };
		848FF3E319992A5A00FE4FA4 /* BeanSampleAppTests.m */ = {isa = PBXFileReference; lastKnownFileType = sourcecode.c.objc; path = BeanSampleAppTests.m; sourceTree = "<group>"; };
/* End PBXFileReference section */

/* Begin PBXFrameworksBuildPhase section */
		848FF3B219992A5900FE4FA4 /* Frameworks */ = {
			isa = PBXFrameworksBuildPhase;
			buildActionMask = 2147483647;
			files = (
				848FF3BB19992A5A00FE4FA4 /* CoreGraphics.framework in Frameworks */,
				848FF3BD19992A5A00FE4FA4 /* UIKit.framework in Frameworks */,
				848FF3B919992A5900FE4FA4 /* Foundation.framework in Frameworks */,
			);
			runOnlyForDeploymentPostprocessing = 0;
		};
		848FF3D319992A5A00FE4FA4 /* Frameworks */ = {
			isa = PBXFrameworksBuildPhase;
			buildActionMask = 2147483647;
			files = (
				848FF3D819992A5A00FE4FA4 /* XCTest.framework in Frameworks */,
				848FF3DA19992A5A00FE4FA4 /* UIKit.framework in Frameworks */,
				848FF3D919992A5A00FE4FA4 /* Foundation.framework in Frameworks */,
			);
			runOnlyForDeploymentPostprocessing = 0;
		};
/* End PBXFrameworksBuildPhase section */

/* Begin PBXGroup section */
		848FF3AC19992A5900FE4FA4 = {
			isa = PBXGroup;
			children = (
				848FF3BE19992A5A00FE4FA4 /* BeanSampleApp */,
				848FF3DD19992A5A00FE4FA4 /* BeanSampleAppTests */,
				848FF3B719992A5900FE4FA4 /* Frameworks */,
				848FF3B619992A5900FE4FA4 /* Products */,
			);
			sourceTree = "<group>";
		};
		848FF3B619992A5900FE4FA4 /* Products */ = {
			isa = PBXGroup;
			children = (
				848FF3B519992A5900FE4FA4 /* BeanSampleApp.app */,
				848FF3D619992A5A00FE4FA4 /* BeanSampleAppTests.xctest */,
			);
			name = Products;
			sourceTree = "<group>";
		};
		848FF3B719992A5900FE4FA4 /* Frameworks */ = {
			isa = PBXGroup;
			children = (
				848FF3B819992A5900FE4FA4 /* Foundation.framework */,
				848FF3BA19992A5A00FE4FA4 /* CoreGraphics.framework */,
				848FF3BC19992A5A00FE4FA4 /* UIKit.framework */,
				848FF3D719992A5A00FE4FA4 /* XCTest.framework */,
			);
			name = Frameworks;
			sourceTree = "<group>";
		};
		848FF3BE19992A5A00FE4FA4 /* BeanSampleApp */ = {
			isa = PBXGroup;
			children = (
				848FF3C719992A5A00FE4FA4 /* BSAppDelegate.h */,
				848FF3C819992A5A00FE4FA4 /* BSAppDelegate.m */,
				848FF3CA19992A5A00FE4FA4 /* Main.storyboard */,
				848FF3CD19992A5A00FE4FA4 /* BSViewController.h */,
				848FF3CE19992A5A00FE4FA4 /* BSViewController.m */,
				848FF3D019992A5A00FE4FA4 /* Images.xcassets */,
				848FF3BF19992A5A00FE4FA4 /* Supporting Files */,
			);
			path = BeanSampleApp;
			sourceTree = "<group>";
		};
		848FF3BF19992A5A00FE4FA4 /* Supporting Files */ = {
			isa = PBXGroup;
			children = (
				848FF3C019992A5A00FE4FA4 /* BeanSampleApp-Info.plist */,
				848FF3C119992A5A00FE4FA4 /* InfoPlist.strings */,
				848FF3C419992A5A00FE4FA4 /* main.m */,
				848FF3C619992A5A00FE4FA4 /* BeanSampleApp-Prefix.pch */,
			);
			name = "Supporting Files";
			sourceTree = "<group>";
		};
		848FF3DD19992A5A00FE4FA4 /* BeanSampleAppTests */ = {
			isa = PBXGroup;
			children = (
				848FF3E319992A5A00FE4FA4 /* BeanSampleAppTests.m */,
				848FF3DE19992A5A00FE4FA4 /* Supporting Files */,
			);
			path = BeanSampleAppTests;
			sourceTree = "<group>";
		};
		848FF3DE19992A5A00FE4FA4 /* Supporting Files */ = {
			isa = PBXGroup;
			children = (
				848FF3DF19992A5A00FE4FA4 /* BeanSampleAppTests-Info.plist */,
				848FF3E019992A5A00FE4FA4 /* InfoPlist.strings */,
			);
			name = "Supporting Files";
			sourceTree = "<group>";
		};
/* End PBXGroup section */

/* Begin PBXNativeTarget section */
		848FF3B419992A5900FE4FA4 /* BeanSampleApp */ = {
			isa = PBXNativeTarget;
			buildConfigurationList = 848FF3E719992A5A00FE4FA4 /* Build configuration list for PBXNativeTarget "BeanSampleApp" */;
			buildPhases = (
				848FF3B119992A5900FE4FA4 /* Sources */,
				848FF3B219992A5900FE4FA4 /* Frameworks */,
				848FF3B319992A5900FE4FA4 /* Resources */,
			);
			buildRules = (
			);
			dependencies = (
			);
			name = BeanSampleApp;
			productName = BeanSampleApp;
			productReference = 848FF3B519992A5900FE4FA4 /* BeanSampleApp.app */;
			productType = "com.apple.product-type.application";
		};
		848FF3D519992A5A00FE4FA4 /* BeanSampleAppTests */ = {
			isa = PBXNativeTarget;
			buildConfigurationList = 848FF3EA19992A5A00FE4FA4 /* Build configuration list for PBXNativeTarget "BeanSampleAppTests" */;
			buildPhases = (
				848FF3D219992A5A00FE4FA4 /* Sources */,
				848FF3D319992A5A00FE4FA4 /* Frameworks */,
				848FF3D419992A5A00FE4FA4 /* Resources */,
			);
			buildRules = (
			);
			dependencies = (
				848FF3DC19992A5A00FE4FA4 /* PBXTargetDependency */,
			);
			name = BeanSampleAppTests;
			productName = BeanSampleAppTests;
			productReference = 848FF3D619992A5A00FE4FA4 /* BeanSampleAppTests.xctest */;
			productType = "com.apple.product-type.bundle.unit-test";
		};
/* End PBXNativeTarget section */

/* Begin PBXProject section */
		848FF3AD19992A5900FE4FA4 /* Project object */ = {
			isa = PBXProject;
			attributes = {
				CLASSPREFIX = BS;
				LastUpgradeCheck = 0510;
				ORGANIZATIONNAME = "FLARE-Labs";
				TargetAttributes = {
					848FF3D519992A5A00FE4FA4 = {
						TestTargetID = 848FF3B419992A5900FE4FA4;
					};
				};
			};
			buildConfigurationList = 848FF3B019992A5900FE4FA4 /* Build configuration list for PBXProject "BeanSampleApp" */;
			compatibilityVersion = "Xcode 3.2";
			developmentRegion = English;
			hasScannedForEncodings = 0;
			knownRegions = (
				en,
				Base,
			);
			mainGroup = 848FF3AC19992A5900FE4FA4;
			productRefGroup = 848FF3B619992A5900FE4FA4 /* Products */;
			projectDirPath = "";
			projectRoot = "";
			targets = (
				848FF3B419992A5900FE4FA4 /* BeanSampleApp */,
				848FF3D519992A5A00FE4FA4 /* BeanSampleAppTests */,
			);
		};
/* End PBXProject section */

/* Begin PBXResourcesBuildPhase section */
		848FF3B319992A5900FE4FA4 /* Resources */ = {
			isa = PBXResourcesBuildPhase;
			buildActionMask = 2147483647;
			files = (
				848FF3D119992A5A00FE4FA4 /* Images.xcassets in Resources */,
				848FF3C319992A5A00FE4FA4 /* InfoPlist.strings in Resources */,
				848FF3CC19992A5A00FE4FA4 /* Main.storyboard in Resources */,
			);
			runOnlyForDeploymentPostprocessing = 0;
		};
		848FF3D419992A5A00FE4FA4 /* Resources */ = {
			isa = PBXResourcesBuildPhase;
			buildActionMask = 2147483647;
			files = (
				848FF3E219992A5A00FE4FA4 /* InfoPlist.strings in Resources */,
			);
			runOnlyForDeploymentPostprocessing = 0;
		};
/* End PBXResourcesBuildPhase section */

/* Begin PBXSourcesBuildPhase section */
		848FF3B119992A5900FE4FA4 /* Sources */ = {
			isa = PBXSourcesBuildPhase;
			buildActionMask = 2147483647;
			files = (
				848FF3CF19992A5A00FE4FA4 /* BSViewController.m in Sources */,
				848FF3C519992A5A00FE4FA4 /* main.m in Sources */,
				848FF3C919992A5A00FE4FA4 /* BSAppDelegate.m in Sources */,
			);
			runOnlyForDeploymentPostprocessing = 0;
		};
		848FF3D219992A5A00FE4FA4 /* Sources */ = {
			isa = PBXSourcesBuildPhase;
			buildActionMask = 2147483647;
			files = (
				848FF3E419992A5A00FE4FA4 /* BeanSampleAppTests.m in Sources */,
			);
			runOnlyForDeploymentPostprocessing = 0;
		};
/* End PBXSourcesBuildPhase section */

/* Begin PBXTargetDependency section */
		848FF3DC19992A5A00FE4FA4 /* PBXTargetDependency */ = {
			isa = PBXTargetDependency;
			target = 848FF3B419992A5900FE4FA4 /* BeanSampleApp */;
			targetProxy = 848FF3DB19992A5A00FE4FA4 /* PBXContainerItemProxy */;
		};
/* End PBXTargetDependency section */

/* Begin PBXVariantGroup section */
		848FF3C119992A5A00FE4FA4 /* InfoPlist.strings */ = {
			isa = PBXVariantGroup;
			children = (
				848FF3C219992A5A00FE4FA4 /* en */,
			);
			name = InfoPlist.strings;
			sourceTree = "<group>";
		};
		848FF3CA19992A5A00FE4FA4 /* Main.storyboard */ = {
			isa = PBXVariantGroup;
			children = (
				848FF3CB19992A5A00FE4FA4 /* Base */,
			);
			name = Main.storyboard;
			sourceTree = "<group>";
		};
		848FF3E019992A5A00FE4FA4 /* InfoPlist.strings */ = {
			isa = PBXVariantGroup;
			children = (
				848FF3E119992A5A00FE4FA4 /* en */,
			);
			name = InfoPlist.strings;
			sourceTree = "<group>";
		};
/* End PBXVariantGroup section */

/* Begin XCBuildConfiguration section */
		848FF3E519992A5A00FE4FA4 /* Debug */ = {
			isa = XCBuildConfiguration;
			buildSettings = {
				ALWAYS_SEARCH_USER_PATHS = NO;
				CLANG_CXX_LANGUAGE_STANDARD = "gnu++0x";
				CLANG_CXX_LIBRARY = "libc++";
				CLANG_ENABLE_MODULES = YES;
				CLANG_ENABLE_OBJC_ARC = YES;
				CLANG_WARN_BOOL_CONVERSION = YES;
				CLANG_WARN_CONSTANT_CONVERSION = YES;
				CLANG_WARN_DIRECT_OBJC_ISA_USAGE = YES_ERROR;
				CLANG_WARN_EMPTY_BODY = YES;
				CLANG_WARN_ENUM_CONVERSION = YES;
				CLANG_WARN_INT_CONVERSION = YES;
				CLANG_WARN_OBJC_ROOT_CLASS = YES_ERROR;
				CLANG_WARN__DUPLICATE_METHOD_MATCH = YES;
				"CODE_SIGN_IDENTITY[sdk=iphoneos*]" = "iPhone Developer";
				COPY_PHASE_STRIP = NO;
				GCC_C_LANGUAGE_STANDARD = gnu99;
				GCC_DYNAMIC_NO_PIC = NO;
				GCC_OPTIMIZATION_LEVEL = 0;
				GCC_PREPROCESSOR_DEFINITIONS = (
					"DEBUG=1",
					"$(inherited)",
				);
				GCC_SYMBOLS_PRIVATE_EXTERN = NO;
				GCC_WARN_64_TO_32_BIT_CONVERSION = YES;
				GCC_WARN_ABOUT_RETURN_TYPE = YES_ERROR;
				GCC_WARN_UNDECLARED_SELECTOR = YES;
				GCC_WARN_UNINITIALIZED_AUTOS = YES_AGGRESSIVE;
				GCC_WARN_UNUSED_FUNCTION = YES;
				GCC_WARN_UNUSED_VARIABLE = YES;
				IPHONEOS_DEPLOYMENT_TARGET = 7.1;
				ONLY_ACTIVE_ARCH = YES;
				SDKROOT = iphoneos;
				TARGETED_DEVICE_FAMILY = 2;
			};
			name = Debug;
		};
		848FF3E619992A5A00FE4FA4 /* Release */ = {
			isa = XCBuildConfiguration;
			buildSettings = {
				ALWAYS_SEARCH_USER_PATHS = NO;
				CLANG_CXX_LANGUAGE_STANDARD = "gnu++0x";
				CLANG_CXX_LIBRARY = "libc++";
				CLANG_ENABLE_MODULES = YES;
				CLANG_ENABLE_OBJC_ARC = YES;
				CLANG_WARN_BOOL_CONVERSION = YES;
				CLANG_WARN_CONSTANT_CONVERSION = YES;
				CLANG_WARN_DIRECT_OBJC_ISA_USAGE = YES_ERROR;
				CLANG_WARN_EMPTY_BODY = YES;
				CLANG_WARN_ENUM_CONVERSION = YES;
				CLANG_WARN_INT_CONVERSION = YES;
				CLANG_WARN_OBJC_ROOT_CLASS = YES_ERROR;
				CLANG_WARN__DUPLICATE_METHOD_MATCH = YES;
				"CODE_SIGN_IDENTITY[sdk=iphoneos*]" = "iPhone Developer";
				COPY_PHASE_STRIP = YES;
				ENABLE_NS_ASSERTIONS = NO;
				GCC_C_LANGUAGE_STANDARD = gnu99;
				GCC_WARN_64_TO_32_BIT_CONVERSION = YES;
				GCC_WARN_ABOUT_RETURN_TYPE = YES_ERROR;
				GCC_WARN_UNDECLARED_SELECTOR = YES;
				GCC_WARN_UNINITIALIZED_AUTOS = YES_AGGRESSIVE;
				GCC_WARN_UNUSED_FUNCTION = YES;
				GCC_WARN_UNUSED_VARIABLE = YES;
				IPHONEOS_DEPLOYMENT_TARGET = 7.1;
				SDKROOT = iphoneos;
				TARGETED_DEVICE_FAMILY = 2;
				VALIDATE_PRODUCT = YES;
			};
			name = Release;
		};
		848FF3E819992A5A00FE4FA4 /* Debug */ = {
			isa = XCBuildConfiguration;
			buildSettings = {
				ASSETCATALOG_COMPILER_APPICON_NAME = AppIcon;
				ASSETCATALOG_COMPILER_LAUNCHIMAGE_NAME = LaunchImage;
				GCC_PRECOMPILE_PREFIX_HEADER = YES;
				GCC_PREFIX_HEADER = "BeanSampleApp/BeanSampleApp-Prefix.pch";
				INFOPLIST_FILE = "BeanSampleApp/BeanSampleApp-Info.plist";
				PRODUCT_NAME = "$(TARGET_NAME)";
				WRAPPER_EXTENSION = app;
			};
			name = Debug;
		};
		848FF3E919992A5A00FE4FA4 /* Release */ = {
			isa = XCBuildConfiguration;
			buildSettings = {
				ASSETCATALOG_COMPILER_APPICON_NAME = AppIcon;
				ASSETCATALOG_COMPILER_LAUNCHIMAGE_NAME = LaunchImage;
				GCC_PRECOMPILE_PREFIX_HEADER = YES;
				GCC_PREFIX_HEADER = "BeanSampleApp/BeanSampleApp-Prefix.pch";
				INFOPLIST_FILE = "BeanSampleApp/BeanSampleApp-Info.plist";
				PRODUCT_NAME = "$(TARGET_NAME)";
				WRAPPER_EXTENSION = app;
			};
			name = Release;
		};
		848FF3EB19992A5A00FE4FA4 /* Debug */ = {
			isa = XCBuildConfiguration;
			buildSettings = {
				BUNDLE_LOADER = "$(BUILT_PRODUCTS_DIR)/BeanSampleApp.app/BeanSampleApp";
				FRAMEWORK_SEARCH_PATHS = (
					"$(SDKROOT)/Developer/Library/Frameworks",
					"$(inherited)",
					"$(DEVELOPER_FRAMEWORKS_DIR)",
				);
				GCC_PRECOMPILE_PREFIX_HEADER = YES;
				GCC_PREFIX_HEADER = "BeanSampleApp/BeanSampleApp-Prefix.pch";
				GCC_PREPROCESSOR_DEFINITIONS = (
					"DEBUG=1",
					"$(inherited)",
				);
				INFOPLIST_FILE = "BeanSampleAppTests/BeanSampleAppTests-Info.plist";
				PRODUCT_NAME = "$(TARGET_NAME)";
				TEST_HOST = "$(BUNDLE_LOADER)";
				WRAPPER_EXTENSION = xctest;
			};
			name = Debug;
		};
		848FF3EC19992A5A00FE4FA4 /* Release */ = {
			isa = XCBuildConfiguration;
			buildSettings = {
				BUNDLE_LOADER = "$(BUILT_PRODUCTS_DIR)/BeanSampleApp.app/BeanSampleApp";
				FRAMEWORK_SEARCH_PATHS = (
					"$(SDKROOT)/Developer/Library/Frameworks",
					"$(inherited)",
					"$(DEVELOPER_FRAMEWORKS_DIR)",
				);
				GCC_PRECOMPILE_PREFIX_HEADER = YES;
				GCC_PREFIX_HEADER = "BeanSampleApp/BeanSampleApp-Prefix.pch";
				INFOPLIST_FILE = "BeanSampleAppTests/BeanSampleAppTests-Info.plist";
				PRODUCT_NAME = "$(TARGET_NAME)";
				TEST_HOST = "$(BUNDLE_LOADER)";
				WRAPPER_EXTENSION = xctest;
			};
			name = Release;
		};
/* End XCBuildConfiguration section */

/* Begin XCConfigurationList section */
		848FF3B019992A5900FE4FA4 /* Build configuration list for PBXProject "BeanSampleApp" */ = {
			isa = XCConfigurationList;
			buildConfigurations = (
				848FF3E519992A5A00FE4FA4 /* Debug */,
				848FF3E619992A5A00FE4FA4 /* Release */,
			);
			defaultConfigurationIsVisible = 0;
			defaultConfigurationName = Release;
		};
		848FF3E719992A5A00FE4FA4 /* Build configuration list for PBXNativeTarget "BeanSampleApp" */ = {
			isa = XCConfigurationList;
			buildConfigurations = (
				848FF3E819992A5A00FE4FA4 /* Debug */,
				848FF3E919992A5A00FE4FA4 /* Release */,
			);
			defaultConfigurationIsVisible = 0;
		};
		848FF3EA19992A5A00FE4FA4 /* Build configuration list for PBXNativeTarget "BeanSampleAppTests" */ = {
			isa = XCConfigurationList;
			buildConfigurations = (
				848FF3EB19992A5A00FE4FA4 /* Debug */,
				848FF3EC19992A5A00FE4FA4 /* Release */,
			);
			defaultConfigurationIsVisible = 0;
		};
/* End XCConfigurationList section */
	};
	rootObject = 848FF3AD19992A5900FE4FA4 /* Project object */;
}
